
Microsoft Visual Studio Solution File, Format Version 12.00
# Visual Studio Version 17
VisualStudioVersion = 17.0.31314.256
MinimumVisualStudioVersion = 10.0.40219.1
Project("{2150E333-8FDC-42A3-9474-1A3956D46DE8}") = "Automation", "Automation", "{0BFBE63A-B98A-3411-8EEB-8918FEC737B3}"
EndProject
Project("{2150E333-8FDC-42A3-9474-1A3956D46DE8}") = "Programs", "Programs", "{A338B9E2-A559-34BE-A46D-F789DD488FAD}"
EndProject
Project("{2150E333-8FDC-42A3-9474-1A3956D46DE8}") = "Rules", "Rules", "{C2F57ECE-B26F-39D8-BDA7-C1D40BD8F180}"
EndProject
Project("{2150E333-8FDC-42A3-9474-1A3956D46DE8}") = "Shared", "Shared", "{57713676-9DBE-331C-AD10-26632AC9EE0C}"
EndProject
Project("{2150E333-8FDC-42A3-9474-1A3956D46DE8}") = "UnrealBuildTool.Plugins", "UnrealBuildTool.Plugins", "{7B5CFB44-F0FB-31DF-AE62-C3C096A29A7B}"
EndProject
Project("{FAE04EC0-301F-11D3-BF4B-00C04F79EFBC}") = "UnrealBuildTool", "../../UnrealEngineEdit/Engine/Source/Programs/UnrealBuildTool/UnrealBuildTool.csproj", "{9DFC0470-EEDB-3494-A121-0787C2BC9D2C}"
EndProject
Project("{FAE04EC0-301F-11D3-BF4B-00C04F79EFBC}") = "AutomationTool", "../../UnrealEngineEdit/Engine/Source/Programs/AutomationTool/AutomationTool.csproj", "{C55E0C19-E9BD-3F1B-9F19-00C3E3185767}"
EndProject
Project("{FAE04EC0-301F-11D3-BF4B-00C04F79EFBC}") = "Android.Automation", "../../UnrealEngineEdit/Engine/Source/Programs/AutomationTool/Android/Android.Automation.csproj", "{A58B8745-21C1-3A21-BED6-B475B55F9CDB}"
EndProject
Project("{FAE04EC0-301F-11D3-BF4B-00C04F79EFBC}") = "Apple.Automation", "../../UnrealEngineEdit/Engine/Source/Programs/AutomationTool/Apple/Apple.Automation.csproj", "{18F6ACCE-69CB-3798-A1E4-08AE1C7F4919}"
EndProject
Project("{FAE04EC0-301F-11D3-BF4B-00C04F79EFBC}") = "AutomationUtils.Automation", "../../UnrealEngineEdit/Engine/Source/Programs/AutomationTool/AutomationUtils/AutomationUtils.Automation.csproj", "{D198FE6B-4655-3033-8878-A0A7EBF4413D}"
EndProject
Project("{FAE04EC0-301F-11D3-BF4B-00C04F79EFBC}") = "BuildGraph.Automation", "../../UnrealEngineEdit/Engine/Source/Programs/AutomationTool/BuildGraph/BuildGraph.Automation.csproj", "{06B4E6FB-F7DE-31E7-9A98-95555F111B9A}"
EndProject
Project("{FAE04EC0-301F-11D3-BF4B-00C04F79EFBC}") = "CookedEditor.Automation", "../../UnrealEngineEdit/Engine/Source/Programs/AutomationTool/CookedEditor/CookedEditor.Automation.csproj", "{C1AC5CD8-60A9-3037-AC91-205842BE1C21}"
EndProject
Project("{FAE04EC0-301F-11D3-BF4B-00C04F79EFBC}") = "CrowdinLocalization.Automation", "../../UnrealEngineEdit/Engine/Source/Programs/AutomationTool/CrowdinLocalization/CrowdinLocalization.Automation.csproj", "{B5CBBA2F-7A06-3F24-AB0D-1513AE966F1C}"
EndProject
Project("{FAE04EC0-301F-11D3-BF4B-00C04F79EFBC}") = "Gauntlet.Automation", "../../UnrealEngineEdit/Engine/Source/Programs/AutomationTool/Gauntlet/Gauntlet.Automation.csproj", "{6DB28FA7-311D-3567-9B13-E9C61A9C51A3}"
EndProject
Project("{FAE04EC0-301F-11D3-BF4B-00C04F79EFBC}") = "IOS.Automation", "../../UnrealEngineEdit/Engine/Source/Programs/AutomationTool/IOS/IOS.Automation.csproj", "{44042765-12A1-3AFF-99F4-50059B72AA3E}"
EndProject
Project("{FAE04EC0-301F-11D3-BF4B-00C04F79EFBC}") = "Linux.Automation", "../../UnrealEngineEdit/Engine/Source/Programs/AutomationTool/Linux/Linux.Automation.csproj", "{3518A22E-824C-36FD-809F-E237CFC058EA}"
EndProject
Project("{FAE04EC0-301F-11D3-BF4B-00C04F79EFBC}") = "LiveLinkHub.Automation", "../../UnrealEngineEdit/Engine/Source/Programs/AutomationTool/LiveLinkHub/LiveLinkHub.Automation.csproj", "{7332F3E8-D10A-300E-968A-D6C67F66A8ED}"
EndProject
Project("{FAE04EC0-301F-11D3-BF4B-00C04F79EFBC}") = "Localization.Automation", "../../UnrealEngineEdit/Engine/Source/Programs/AutomationTool/Localization/Localization.Automation.csproj", "{C0EE09D8-73AD-31B5-A712-1DD0396488A3}"
EndProject
Project("{FAE04EC0-301F-11D3-BF4B-00C04F79EFBC}") = "LowLevelTests.Automation", "../../UnrealEngineEdit/Engine/Source/Programs/AutomationTool/LowLevelTests/LowLevelTests.Automation.csproj", "{09D71DA0-084C-3C8E-894A-3C3DFB5D334A}"
EndProject
Project("{FAE04EC0-301F-11D3-BF4B-00C04F79EFBC}") = "Mac.Automation", "../../UnrealEngineEdit/Engine/Source/Programs/AutomationTool/Mac/Mac.Automation.csproj", "{39EB8BF0-CA5B-3CB1-89BC-8294A6DD0EB1}"
EndProject
Project("{FAE04EC0-301F-11D3-BF4B-00C04F79EFBC}") = "RunMutableCommandlet.Automation", "../../UnrealEngineEdit/Engine/Source/Programs/AutomationTool/Mutable/RunMutableCommandlet/RunMutableCommandlet.Automation.csproj", "{BCB019B6-CB72-3E5F-8517-D057FD447F7C}"
EndProject
Project("{FAE04EC0-301F-11D3-BF4B-00C04F79EFBC}") = "OneSkyLocalization.Automation", "../../UnrealEngineEdit/Engine/Source/Programs/AutomationTool/OneSkyLocalization/OneSkyLocalization.Automation.csproj", "{058FA99F-D725-325F-9E2B-569DE3570F1A}"
EndProject
Project("{FAE04EC0-301F-11D3-BF4B-00C04F79EFBC}") = "AutomationScripts.Automation", "../../UnrealEngineEdit/Engine/Source/Programs/AutomationTool/Scripts/AutomationScripts.Automation.csproj", "{C0B1A65E-4F3D-3676-AD21-1DAEFFC43BD6}"
EndProject
Project("{FAE04EC0-301F-11D3-BF4B-00C04F79EFBC}") = "SmartlingLocalization.Automation", "../../UnrealEngineEdit/Engine/Source/Programs/AutomationTool/SmartlingLocalization/SmartlingLocalization.Automation.csproj", "{63402D6A-93F3-355E-BB46-5AB04D9360F1}"
EndProject
Project("{FAE04EC0-301F-11D3-BF4B-00C04F79EFBC}") = "SteamDeck.Automation", "../../UnrealEngineEdit/Engine/Source/Programs/AutomationTool/SteamDeck/SteamDeck.Automation.csproj", "{6F20320B-ABCB-356A-A37E-52E3A4375994}"
EndProject
Project("{FAE04EC0-301F-11D3-BF4B-00C04F79EFBC}") = "TVOS.Automation", "../../UnrealEngineEdit/Engine/Source/Programs/AutomationTool/TVOS/TVOS.Automation.csproj", "{FCAD6FB4-211A-385B-8054-8F9EF5A30962}"
EndProject
Project("{FAE04EC0-301F-11D3-BF4B-00C04F79EFBC}") = "Turnkey.Automation", "../../UnrealEngineEdit/Engine/Source/Programs/AutomationTool/Turnkey/Turnkey.Automation.csproj", "{CEE1E824-6F10-3AF5-B0B2-103FE1B21DDE}"
EndProject
Project("{FAE04EC0-301F-11D3-BF4B-00C04F79EFBC}") = "Win.Automation", "../../UnrealEngineEdit/Engine/Source/Programs/AutomationTool/Win/Win.Automation.csproj", "{6EEB16AA-9AF0-3560-9CA7-1CB55F0A1DAF}"
EndProject
Project("{FAE04EC0-301F-11D3-BF4B-00C04F79EFBC}") = "XLocLocalization.Automation", "../../UnrealEngineEdit/Engine/Source/Programs/AutomationTool/XLocLocalization/XLocLocalization.Automation.csproj", "{DEBA5D6F-F1D7-399D-95A3-79BC088D2162}"
EndProject
Project("{FAE04EC0-301F-11D3-BF4B-00C04F79EFBC}") = "VisionOS.Automation", "../../UnrealEngineEdit/Engine/Platforms/VisionOS/Source/Programs/AutomationTool/VisionOS.Automation.csproj", "{7832E3E7-6CFA-3C3C-85CA-30F4C2AA1D06}"
EndProject
Project("{FAE04EC0-301F-11D3-BF4B-00C04F79EFBC}") = "ScriptGeneratorUbtPlugin.ubtplugin", "../../UnrealEngineEdit/Engine/Plugins/ScriptPlugin/Source/ScriptGeneratorUbtPlugin/ScriptGeneratorUbtPlugin.ubtplugin.csproj", "{826F3487-C1CD-3C20-8584-7A96619E2BC9}"
EndProject
Project("{FAE04EC0-301F-11D3-BF4B-00C04F79EFBC}") = "EpicGames.MongoDB", "../../UnrealEngineEdit/Engine/Source/Programs/Shared/EpicGames.MongoDB/EpicGames.MongoDB.csproj", "{71031205-13C3-3539-9102-D82DDB5E3E11}"
EndProject
Project("{FAE04EC0-301F-11D3-BF4B-00C04F79EFBC}") = "EpicGames.Perforce.Managed", "../../UnrealEngineEdit/Engine/Source/Programs/Shared/EpicGames.Perforce.Managed/EpicGames.Perforce.Managed.csproj", "{C919E579-8021-30B1-84FC-767010346A0B}"
EndProject
Project("{FAE04EC0-301F-11D3-BF4B-00C04F79EFBC}") = "EpicGames.ProjectStore", "../../UnrealEngineEdit/Engine/Source/Programs/Shared/EpicGames.ProjectStore/EpicGames.ProjectStore.csproj", "{E8AE8C0B-D4C3-37EC-B7D0-1677020E72D6}"
EndProject
Project("{FAE04EC0-301F-11D3-BF4B-00C04F79EFBC}") = "EpicGames.Jupiter", "../../UnrealEngineEdit/Engine/Source/Programs/Shared/EpicGames.Jupiter/EpicGames.Jupiter.csproj", "{450F4674-D7EE-3B2F-A586-9EC67EEF6672}"
EndProject
Project("{FAE04EC0-301F-11D3-BF4B-00C04F79EFBC}") = "EpicGames.BuildGraph", "../../UnrealEngineEdit/Engine/Source/Programs/Shared/EpicGames.BuildGraph/EpicGames.BuildGraph.csproj", "{53FADB10-640C-37D6-B79B-7F0B1579E272}"
EndProject
Project("{FAE04EC0-301F-11D3-BF4B-00C04F79EFBC}") = "EpicGames.Build", "../../UnrealEngineEdit/Engine/Source/Programs/Shared/EpicGames.Build/EpicGames.Build.csproj", "{8A354C77-CCFE-3013-A2FB-CD1A8CB049E2}"
EndProject
Project("{FAE04EC0-301F-11D3-BF4B-00C04F79EFBC}") = "EpicGames.Slack", "../../UnrealEngineEdit/Engine/Source/Programs/Shared/EpicGames.Slack/EpicGames.Slack.csproj", "{D2DDA18B-1281-362A-A8C7-8BF204D602CA}"
EndProject
Project("{FAE04EC0-301F-11D3-BF4B-00C04F79EFBC}") = "EpicGames.Core", "../../UnrealEngineEdit/Engine/Source/Programs/Shared/EpicGames.Core/EpicGames.Core.csproj", "{AEACC559-BBE7-3917-8CE7-55710AC9F996}"
EndProject
Project("{FAE04EC0-301F-11D3-BF4B-00C04F79EFBC}") = "EpicGames.Perforce.Fixture", "../../UnrealEngineEdit/Engine/Source/Programs/Shared/EpicGames.Perforce.Fixture/EpicGames.Perforce.Fixture.csproj", "{E2AA03EB-679D-34FA-A62A-129EC4D936E0}"
EndProject
Project("{FAE04EC0-301F-11D3-BF4B-00C04F79EFBC}") = "EpicGames.Oodle", "../../UnrealEngineEdit/Engine/Source/Programs/Shared/EpicGames.Oodle/EpicGames.Oodle.csproj", "{AC316343-A753-35F9-8D66-180BEC69F5BA}"
EndProject
Project("{FAE04EC0-301F-11D3-BF4B-00C04F79EFBC}") = "EpicGames.MsBuild", "../../UnrealEngineEdit/Engine/Source/Programs/Shared/EpicGames.MsBuild/EpicGames.MsBuild.csproj", "{0C0C42D0-A601-3485-A8FA-762D0C0DBB66}"
EndProject
Project("{FAE04EC0-301F-11D3-BF4B-00C04F79EFBC}") = "EpicGames.Perforce", "../../UnrealEngineEdit/Engine/Source/Programs/Shared/EpicGames.Perforce/EpicGames.Perforce.csproj", "{B95B4BA7-1D16-3BFD-B73D-3A285A5A6A4B}"
EndProject
Project("{FAE04EC0-301F-11D3-BF4B-00C04F79EFBC}") = "EpicGames.Tracing", "../../UnrealEngineEdit/Engine/Source/Programs/Shared/EpicGames.Tracing/EpicGames.Tracing.csproj", "{B8E65C52-6564-3E5F-8563-1811545D7B35}"
EndProject
Project("{FAE04EC0-301F-11D3-BF4B-00C04F79EFBC}") = "EpicGames.AspNet", "../../UnrealEngineEdit/Engine/Source/Programs/Shared/EpicGames.AspNet/EpicGames.AspNet.csproj", "{0867DF5F-EC48-353E-9B38-0BD963AEBA18}"
EndProject
Project("{FAE04EC0-301F-11D3-BF4B-00C04F79EFBC}") = "EpicGames.OIDC", "../../UnrealEngineEdit/Engine/Source/Programs/Shared/EpicGames.OIDC/EpicGames.OIDC.csproj", "{E1BA8E91-2D2B-350A-9235-E2ECF24B43C4}"
EndProject
Project("{FAE04EC0-301F-11D3-BF4B-00C04F79EFBC}") = "EpicGames.Horde", "../../UnrealEngineEdit/Engine/Source/Programs/Shared/EpicGames.Horde/EpicGames.Horde.csproj", "{751B01F1-66B2-3CC2-840B-481EFB005CB2}"
EndProject
Project("{FAE04EC0-301F-11D3-BF4B-00C04F79EFBC}") = "EpicGames.IoHash", "../../UnrealEngineEdit/Engine/Source/Programs/Shared/EpicGames.IoHash/EpicGames.IoHash.csproj", "{8C80E2EF-718D-3832-842F-A0210A481C51}"
EndProject
Project("{FAE04EC0-301F-11D3-BF4B-00C04F79EFBC}") = "EpicGames.Serialization", "../../UnrealEngineEdit/Engine/Source/Programs/Shared/EpicGames.Serialization/EpicGames.Serialization.csproj", "{6B795884-894D-3DD2-A68F-8CB9DC75BEF9}"
EndProject
Project("{FAE04EC0-301F-11D3-BF4B-00C04F79EFBC}") = "EpicGames.Redis", "../../UnrealEngineEdit/Engine/Source/Programs/Shared/EpicGames.Redis/EpicGames.Redis.csproj", "{3A0DE6E1-205B-3C19-9C3A-C036A0613AA3}"
EndProject
Project("{FAE04EC0-301F-11D3-BF4B-00C04F79EFBC}") = "EpicGames.UBA", "../../UnrealEngineEdit/Engine/Source/Programs/Shared/EpicGames.UBA/EpicGames.UBA.csproj", "{6DC64E0B-7B23-3388-AE90-48A3BACBA023}"
EndProject
Project("{FAE04EC0-301F-11D3-BF4B-00C04F79EFBC}") = "EpicGames.UHT", "../../UnrealEngineEdit/Engine/Source/Programs/Shared/EpicGames.UHT/EpicGames.UHT.csproj", "{81E86109-133D-33E4-BDF4-CFBDB8F17D87}"
EndProject
Project("{FAE04EC0-301F-11D3-BF4B-00C04F79EFBC}") = "ProjectileSampleModuleRules", "Intermediate/Build/BuildRulesProjects/ProjectileSampleModuleRules/ProjectileSampleModuleRules.csproj", "{E334D7DF-40BF-33FD-A2C8-CDEBC60194B6}"
EndProject
Project("{FAE04EC0-301F-11D3-BF4B-00C04F79EFBC}") = "UE5ProgramRules", "../../UnrealEngineEdit/Engine/Intermediate/Build/BuildRulesProjects/UE5ProgramRules/UE5ProgramRules.csproj", "{E39A3FC2-AB7D-3DF4-84AC-A6431E622C84}"
EndProject
Project("{FAE04EC0-301F-11D3-BF4B-00C04F79EFBC}") = "UE5Rules", "../../UnrealEngineEdit/Engine/Intermediate/Build/BuildRulesProjects/UE5Rules/UE5Rules.csproj", "{BEA52E87-3A93-361F-8DC1-26FF1036B8A5}"
EndProject
Project("{2150E333-8FDC-42A3-9474-1A3956D46DE8}") = "Visualizers", "Visualizers", "{1CCEC849-CC72-4C59-8C36-2F7C38706D4C}"
	ProjectSection(SolutionItems) = preProject
		../../UnrealEngineEdit/Engine/Extras/VisualStudioDebugging/Unreal.natvis = ../../UnrealEngineEdit/Engine/Extras/VisualStudioDebugging/Unreal.natvis
		../../UnrealEngineEdit/Engine/Extras/VisualStudioDebugging/Unreal.natstepfilter = ../../UnrealEngineEdit/Engine/Extras/VisualStudioDebugging/Unreal.natstepfilter
	EndProjectSection
EndProject
Global
	GlobalSection(SolutionConfigurationPlatforms) = preSolution
	EndGlobalSection
	# UnrealVS Section
	GlobalSection(ddbf523f-7eb6-4887-bd51-85a714ff87eb) = preSolution
		AvailablePlatforms=
	EndGlobalSection
	GlobalSection(ProjectConfigurationPlatforms) = postSolution
	EndGlobalSection
	GlobalSection(SolutionProperties) = preSolution
		HideSolutionNode = FALSE
	EndGlobalSection
	GlobalSection(NestedProjects) = preSolution
		{9DFC0470-EEDB-3494-A121-0787C2BC9D2C} = {A338B9E2-A559-34BE-A46D-F789DD488FAD}
		{C55E0C19-E9BD-3F1B-9F19-00C3E3185767} = {A338B9E2-A559-34BE-A46D-F789DD488FAD}
		{0BFBE63A-B98A-3411-8EEB-8918FEC737B3} = {A338B9E2-A559-34BE-A46D-F789DD488FAD}
		{7B5CFB44-F0FB-31DF-AE62-C3C096A29A7B} = {A338B9E2-A559-34BE-A46D-F789DD488FAD}
		{57713676-9DBE-331C-AD10-26632AC9EE0C} = {A338B9E2-A559-34BE-A46D-F789DD488FAD}
		{A58B8745-21C1-3A21-BED6-B475B55F9CDB} = {0BFBE63A-B98A-3411-8EEB-8918FEC737B3}
		{18F6ACCE-69CB-3798-A1E4-08AE1C7F4919} = {0BFBE63A-B98A-3411-8EEB-8918FEC737B3}
		{D198FE6B-4655-3033-8878-A0A7EBF4413D} = {0BFBE63A-B98A-3411-8EEB-8918FEC737B3}
		{06B4E6FB-F7DE-31E7-9A98-95555F111B9A} = {0BFBE63A-B98A-3411-8EEB-8918FEC737B3}
		{C1AC5CD8-60A9-3037-AC91-205842BE1C21} = {0BFBE63A-B98A-3411-8EEB-8918FEC737B3}
		{B5CBBA2F-7A06-3F24-AB0D-1513AE966F1C} = {0BFBE63A-B98A-3411-8EEB-8918FEC737B3}
		{6DB28FA7-311D-3567-9B13-E9C61A9C51A3} = {0BFBE63A-B98A-3411-8EEB-8918FEC737B3}
		{44042765-12A1-3AFF-99F4-50059B72AA3E} = {0BFBE63A-B98A-3411-8EEB-8918FEC737B3}
		{3518A22E-824C-36FD-809F-E237CFC058EA} = {0BFBE63A-B98A-3411-8EEB-8918FEC737B3}
		{7332F3E8-D10A-300E-968A-D6C67F66A8ED} = {0BFBE63A-B98A-3411-8EEB-8918FEC737B3}
		{C0EE09D8-73AD-31B5-A712-1DD0396488A3} = {0BFBE63A-B98A-3411-8EEB-8918FEC737B3}
		{09D71DA0-084C-3C8E-894A-3C3DFB5D334A} = {0BFBE63A-B98A-3411-8EEB-8918FEC737B3}
		{39EB8BF0-CA5B-3CB1-89BC-8294A6DD0EB1} = {0BFBE63A-B98A-3411-8EEB-8918FEC737B3}
		{BCB019B6-CB72-3E5F-8517-D057FD447F7C} = {0BFBE63A-B98A-3411-8EEB-8918FEC737B3}
		{058FA99F-D725-325F-9E2B-569DE3570F1A} = {0BFBE63A-B98A-3411-8EEB-8918FEC737B3}
		{C0B1A65E-4F3D-3676-AD21-1DAEFFC43BD6} = {0BFBE63A-B98A-3411-8EEB-8918FEC737B3}
		{63402D6A-93F3-355E-BB46-5AB04D9360F1} = {0BFBE63A-B98A-3411-8EEB-8918FEC737B3}
		{6F20320B-ABCB-356A-A37E-52E3A4375994} = {0BFBE63A-B98A-3411-8EEB-8918FEC737B3}
		{FCAD6FB4-211A-385B-8054-8F9EF5A30962} = {0BFBE63A-B98A-3411-8EEB-8918FEC737B3}
		{CEE1E824-6F10-3AF5-B0B2-103FE1B21DDE} = {0BFBE63A-B98A-3411-8EEB-8918FEC737B3}
		{6EEB16AA-9AF0-3560-9CA7-1CB55F0A1DAF} = {0BFBE63A-B98A-3411-8EEB-8918FEC737B3}
		{DEBA5D6F-F1D7-399D-95A3-79BC088D2162} = {0BFBE63A-B98A-3411-8EEB-8918FEC737B3}
		{7832E3E7-6CFA-3C3C-85CA-30F4C2AA1D06} = {0BFBE63A-B98A-3411-8EEB-8918FEC737B3}
		{826F3487-C1CD-3C20-8584-7A96619E2BC9} = {7B5CFB44-F0FB-31DF-AE62-C3C096A29A7B}
		{71031205-13C3-3539-9102-D82DDB5E3E11} = {57713676-9DBE-331C-AD10-26632AC9EE0C}
		{C919E579-8021-30B1-84FC-767010346A0B} = {57713676-9DBE-331C-AD10-26632AC9EE0C}
		{E8AE8C0B-D4C3-37EC-B7D0-1677020E72D6} = {57713676-9DBE-331C-AD10-26632AC9EE0C}
		{450F4674-D7EE-3B2F-A586-9EC67EEF6672} = {57713676-9DBE-331C-AD10-26632AC9EE0C}
		{53FADB10-640C-37D6-B79B-7F0B1579E272} = {57713676-9DBE-331C-AD10-26632AC9EE0C}
		{8A354C77-CCFE-3013-A2FB-CD1A8CB049E2} = {57713676-9DBE-331C-AD10-26632AC9EE0C}
		{D2DDA18B-1281-362A-A8C7-8BF204D602CA} = {57713676-9DBE-331C-AD10-26632AC9EE0C}
		{AEACC559-BBE7-3917-8CE7-55710AC9F996} = {57713676-9DBE-331C-AD10-26632AC9EE0C}
		{E2AA03EB-679D-34FA-A62A-129EC4D936E0} = {57713676-9DBE-331C-AD10-26632AC9EE0C}
		{AC316343-A753-35F9-8D66-180BEC69F5BA} = {57713676-9DBE-331C-AD10-26632AC9EE0C}
		{0C0C42D0-A601-3485-A8FA-762D0C0DBB66} = {57713676-9DBE-331C-AD10-26632AC9EE0C}
		{B95B4BA7-1D16-3BFD-B73D-3A285A5A6A4B} = {57713676-9DBE-331C-AD10-26632AC9EE0C}
		{B8E65C52-6564-3E5F-8563-1811545D7B35} = {57713676-9DBE-331C-AD10-26632AC9EE0C}
		{0867DF5F-EC48-353E-9B38-0BD963AEBA18} = {57713676-9DBE-331C-AD10-26632AC9EE0C}
		{E1BA8E91-2D2B-350A-9235-E2ECF24B43C4} = {57713676-9DBE-331C-AD10-26632AC9EE0C}
		{751B01F1-66B2-3CC2-840B-481EFB005CB2} = {57713676-9DBE-331C-AD10-26632AC9EE0C}
		{8C80E2EF-718D-3832-842F-A0210A481C51} = {57713676-9DBE-331C-AD10-26632AC9EE0C}
		{6B795884-894D-3DD2-A68F-8CB9DC75BEF9} = {57713676-9DBE-331C-AD10-26632AC9EE0C}
		{3A0DE6E1-205B-3C19-9C3A-C036A0613AA3} = {57713676-9DBE-331C-AD10-26632AC9EE0C}
		{6DC64E0B-7B23-3388-AE90-48A3BACBA023} = {57713676-9DBE-331C-AD10-26632AC9EE0C}
		{81E86109-133D-33E4-BDF4-CFBDB8F17D87} = {57713676-9DBE-331C-AD10-26632AC9EE0C}
		{E334D7DF-40BF-33FD-A2C8-CDEBC60194B6} = {C2F57ECE-B26F-39D8-BDA7-C1D40BD8F180}
		{E39A3FC2-AB7D-3DF4-84AC-A6431E622C84} = {C2F57ECE-B26F-39D8-BDA7-C1D40BD8F180}
		{BEA52E87-3A93-361F-8DC1-26FF1036B8A5} = {C2F57ECE-B26F-39D8-BDA7-C1D40BD8F180}
	EndGlobalSection
EndGlobal
